// !$*UTF8*$!
{
	archiveVersion = 1;
	classes = {
	};
	objectVersion = 77;
	objects = {

/* Begin PBXBuildFile section */
		316BA2D22CE1FAD100BAF59C /* KeySignaturesAccidentalsLearn7View.swift in Sources */ = {isa = PBXBuildFile; fileRef = 316BA2C12CE1FAD000BAF59C /* KeySignaturesAccidentalsLearn7View.swift */; };
		316BA2D32CE1FAD100BAF59C /* KeySignaturesAccidentalsReview1View.swift in Sources */ = {isa = PBXBuildFile; fileRef = 316BA2CB2CE1FAD000BAF59C /* KeySignaturesAccidentalsReview1View.swift */; };
		316BA2D52CE1FAD100BAF59C /* KeySignaturesAccidentalsLearn6View.swift in Sources */ = {isa = PBXBuildFile; fileRef = 316BA2C02CE1FAD000BAF59C /* KeySignaturesAccidentalsLearn6View.swift */; };
		316BA2D62CE1FAD100BAF59C /* KeySignaturesAccidentalsLearn3View.swift in Sources */ = {isa = PBXBuildFile; fileRef = 316BA2BD2CE1FAD000BAF59C /* KeySignaturesAccidentalsLearn3View.swift */; };
		316BA2D72CE1FAD100BAF59C /* KeySignaturesAccidentalsLearn1View.swift in Sources */ = {isa = PBXBuildFile; fileRef = 316BA2BB2CE1FAD000BAF59C /* KeySignaturesAccidentalsLearn1View.swift */; };
		316BA2D82CE1FAD100BAF59C /* KeySignaturesAccidentalsLearn10View.swift in Sources */ = {isa = PBXBuildFile; fileRef = 316BA2C42CE1FAD000BAF59C /* KeySignaturesAccidentalsLearn10View.swift */; };
		316BA2D92CE1FAD100BAF59C /* KeySignaturesAccidentalsLearn16View.swift in Sources */ = {isa = PBXBuildFile; fileRef = 316BA2CA2CE1FAD000BAF59C /* KeySignaturesAccidentalsLearn16View.swift */; };
		316BA2DA2CE1FAD100BAF59C /* KeySignaturesAccidentalsLearn14View.swift in Sources */ = {isa = PBXBuildFile; fileRef = 316BA2C82CE1FAD000BAF59C /* KeySignaturesAccidentalsLearn14View.swift */; };
		316BA2DB2CE1FAD100BAF59C /* KeySignaturesAccidentalsView.swift in Sources */ = {isa = PBXBuildFile; fileRef = 316BA2CF2CE1FAD000BAF59C /* KeySignaturesAccidentalsView.swift */; };
		316BA2DC2CE1FAD100BAF59C /* KeySignaturesAccidentalsLearn8View.swift in Sources */ = {isa = PBXBuildFile; fileRef = 316BA2C22CE1FAD000BAF59C /* KeySignaturesAccidentalsLearn8View.swift */; };
		316BA2DD2CE1FAD100BAF59C /* KeySignaturesAccidentalsLearn5View.swift in Sources */ = {isa = PBXBuildFile; fileRef = 316BA2BF2CE1FAD000BAF59C /* KeySignaturesAccidentalsLearn5View.swift */; };
		316BA2DE2CE1FAD100BAF59C /* KeySignaturesAccidentalsLearn4View.swift in Sources */ = {isa = PBXBuildFile; fileRef = 316BA2BE2CE1FAD000BAF59C /* KeySignaturesAccidentalsLearn4View.swift */; };
		316BA2E02CE1FAD100BAF59C /* KeySignaturesAccidentalsLearn9View.swift in Sources */ = {isa = PBXBuildFile; fileRef = 316BA2C32CE1FAD000BAF59C /* KeySignaturesAccidentalsLearn9View.swift */; };
		316BA2E12CE1FAD100BAF59C /* KeySignaturesAccidentalsLearn11View.swift in Sources */ = {isa = PBXBuildFile; fileRef = 316BA2C52CE1FAD000BAF59C /* KeySignaturesAccidentalsLearn11View.swift */; };
		316BA2E22CE1FAD100BAF59C /* KeySignaturesAccidentalsLearn2View.swift in Sources */ = {isa = PBXBuildFile; fileRef = 316BA2BC2CE1FAD000BAF59C /* KeySignaturesAccidentalsLearn2View.swift */; };
		316BA2E32CE1FAD100BAF59C /* KeySignaturesAccidentalsLearn12View.swift in Sources */ = {isa = PBXBuildFile; fileRef = 316BA2C62CE1FAD000BAF59C /* KeySignaturesAccidentalsLearn12View.swift */; };
		316BA2E42CE1FAD100BAF59C /* KeySignaturesAccidentalsLearn13View.swift in Sources */ = {isa = PBXBuildFile; fileRef = 316BA2C72CE1FAD000BAF59C /* KeySignaturesAccidentalsLearn13View.swift */; };
		316BA2E52CE1FAD100BAF59C /* KeySignaturesAccidentalsLearn15View.swift in Sources */ = {isa = PBXBuildFile; fileRef = 316BA2C92CE1FAD000BAF59C /* KeySignaturesAccidentalsLearn15View.swift */; };
		31B8246F2CDF2DD50031E923 /* StartView.swift in Sources */ = {isa = PBXBuildFile; fileRef = 31B8246E2CDF2DD50031E923 /* StartView.swift */; };
		D900AC9A2CE1F6A800DC1959 /* SheetMusicOrganisationLearnView.swift in Sources */ = {isa = PBXBuildFile; fileRef = D900AC912CE1F6A800DC1959 /* SheetMusicOrganisationLearnView.swift */; };
		D900AC9B2CE1F6A800DC1959 /* SheetMusicOrganisationLearn2View.swift in Sources */ = {isa = PBXBuildFile; fileRef = D900AC922CE1F6A800DC1959 /* SheetMusicOrganisationLearn2View.swift */; };
		D900AC9C2CE1F6A800DC1959 /* SheetMusicOrganisationLearn3View.swift in Sources */ = {isa = PBXBuildFile; fileRef = D900AC932CE1F6A800DC1959 /* SheetMusicOrganisationLearn3View.swift */; };
		D900AC9D2CE1F6A800DC1959 /* SheetMusicOrganisationLearn4View.swift in Sources */ = {isa = PBXBuildFile; fileRef = D900AC942CE1F6A800DC1959 /* SheetMusicOrganisationLearn4View.swift */; };
		D900AC9E2CE1F6A800DC1959 /* SheetMusicOrganisationLearn5View.swift in Sources */ = {isa = PBXBuildFile; fileRef = D900AC952CE1F6A800DC1959 /* SheetMusicOrganisationLearn5View.swift */; };
		D900AC9F2CE1F6A800DC1959 /* SheetMusicOrganisationLearn6View.swift in Sources */ = {isa = PBXBuildFile; fileRef = D900AC962CE1F6A800DC1959 /* SheetMusicOrganisationLearn6View.swift */; };
		D900ACA02CE1F6A800DC1959 /* SheetMusicOrganisationReview1View.swift in Sources */ = {isa = PBXBuildFile; fileRef = D900AC972CE1F6A800DC1959 /* SheetMusicOrganisationReview1View.swift */; };
		D900ACA12CE1F6A800DC1959 /* SheetMusicOrganisationView.swift in Sources */ = {isa = PBXBuildFile; fileRef = D900AC982CE1F6A800DC1959 /* SheetMusicOrganisationView.swift */; };
		D900ACAB2CE1F6AA00DC1959 /* RhythmNotesRestsLearn2View.swift in Sources */ = {isa = PBXBuildFile; fileRef = D900ACA22CE1F6AA00DC1959 /* RhythmNotesRestsLearn2View.swift */; };
		D900ACAC2CE1F6AA00DC1959 /* RhythmNotesRestsLearn3View.swift in Sources */ = {isa = PBXBuildFile; fileRef = D900ACA32CE1F6AA00DC1959 /* RhythmNotesRestsLearn3View.swift */; };
		D900ACAD2CE1F6AA00DC1959 /* RhythmNotesRestsLearn4View.swift in Sources */ = {isa = PBXBuildFile; fileRef = D900ACA42CE1F6AA00DC1959 /* RhythmNotesRestsLearn4View.swift */; };
		D900ACAE2CE1F6AA00DC1959 /* RhythmNotesRestsLearn5View.swift in Sources */ = {isa = PBXBuildFile; fileRef = D900ACA52CE1F6AA00DC1959 /* RhythmNotesRestsLearn5View.swift */; };
		D900ACAF2CE1F6AA00DC1959 /* RhythmNotesRestsLearn6View.swift in Sources */ = {isa = PBXBuildFile; fileRef = D900ACA62CE1F6AA00DC1959 /* RhythmNotesRestsLearn6View.swift */; };
		D900ACB02CE1F6AA00DC1959 /* RhythmNotesRestsLearnview.swift in Sources */ = {isa = PBXBuildFile; fileRef = D900ACA72CE1F6AA00DC1959 /* RhythmNotesRestsLearnview.swift */; };
		D900ACB12CE1F6AA00DC1959 /* RhythmNotesRestsReviewView.swift in Sources */ = {isa = PBXBuildFile; fileRef = D900ACA82CE1F6AA00DC1959 /* RhythmNotesRestsReviewView.swift */; };
		D900ACB22CE1F6AA00DC1959 /* RhythmNotesRestsView.swift in Sources */ = {isa = PBXBuildFile; fileRef = D900ACA92CE1F6AA00DC1959 /* RhythmNotesRestsView.swift */; };
		D900ACB72CE1F6AB00DC1959 /* TimeSignaturesLearnView.swift in Sources */ = {isa = PBXBuildFile; fileRef = D900ACB32CE1F6AB00DC1959 /* TimeSignaturesLearnView.swift */; };
		D900ACB82CE1F6AB00DC1959 /* TimeSignaturesReviewView.swift in Sources */ = {isa = PBXBuildFile; fileRef = D900ACB42CE1F6AB00DC1959 /* TimeSignaturesReviewView.swift */; };
		D900ACB92CE1F6AB00DC1959 /* TimeSignaturesView.swift in Sources */ = {isa = PBXBuildFile; fileRef = D900ACB52CE1F6AB00DC1959 /* TimeSignaturesView.swift */; };
		D900ACCF2CE1F6AD00DC1959 /* ClefsPitchedNotesLearn1View.swift in Sources */ = {isa = PBXBuildFile; fileRef = D900ACBA2CE1F6AD00DC1959 /* ClefsPitchedNotesLearn1View.swift */; };
		D900ACD02CE1F6AD00DC1959 /* ClefsPitchedNotesLearn2View.swift in Sources */ = {isa = PBXBuildFile; fileRef = D900ACBB2CE1F6AD00DC1959 /* ClefsPitchedNotesLearn2View.swift */; };
		D900ACD12CE1F6AD00DC1959 /* ClefsPitchedNotesLearn3View.swift in Sources */ = {isa = PBXBuildFile; fileRef = D900ACBC2CE1F6AD00DC1959 /* ClefsPitchedNotesLearn3View.swift */; };
		D900ACD22CE1F6AD00DC1959 /* ClefsPitchedNotesLearn4View.swift in Sources */ = {isa = PBXBuildFile; fileRef = D900ACBD2CE1F6AD00DC1959 /* ClefsPitchedNotesLearn4View.swift */; };
		D900ACD32CE1F6AD00DC1959 /* ClefsPitchedNotesLearn5View.swift in Sources */ = {isa = PBXBuildFile; fileRef = D900ACBE2CE1F6AD00DC1959 /* ClefsPitchedNotesLearn5View.swift */; };
		D900ACD42CE1F6AD00DC1959 /* ClefsPitchedNotesLearn6View.swift in Sources */ = {isa = PBXBuildFile; fileRef = D900ACBF2CE1F6AD00DC1959 /* ClefsPitchedNotesLearn6View.swift */; };
		D900ACD52CE1F6AD00DC1959 /* ClefsPitchedNotesLearn7View.swift in Sources */ = {isa = PBXBuildFile; fileRef = D900ACC02CE1F6AD00DC1959 /* ClefsPitchedNotesLearn7View.swift */; };
		D900ACD62CE1F6AD00DC1959 /* ClefsPitchedNotesLearn8View.swift in Sources */ = {isa = PBXBuildFile; fileRef = D900ACC12CE1F6AD00DC1959 /* ClefsPitchedNotesLearn8View.swift */; };
		D900ACD72CE1F6AD00DC1959 /* ClefsPitchedNotesLearn9View.swift in Sources */ = {isa = PBXBuildFile; fileRef = D900ACC22CE1F6AD00DC1959 /* ClefsPitchedNotesLearn9View.swift */; };
		D900ACD82CE1F6AD00DC1959 /* ClefsPitchedNotesLearn10View.swift in Sources */ = {isa = PBXBuildFile; fileRef = D900ACC32CE1F6AD00DC1959 /* ClefsPitchedNotesLearn10View.swift */; };
		D900ACD92CE1F6AD00DC1959 /* ClefsPitchedNotesLearn11View.swift in Sources */ = {isa = PBXBuildFile; fileRef = D900ACC42CE1F6AD00DC1959 /* ClefsPitchedNotesLearn11View.swift */; };
		D900ACDA2CE1F6AD00DC1959 /* ClefsPitchedNotesLearn12View.swift in Sources */ = {isa = PBXBuildFile; fileRef = D900ACC52CE1F6AD00DC1959 /* ClefsPitchedNotesLearn12View.swift */; };
		D900ACDB2CE1F6AD00DC1959 /* ClefsPitchedNotesLearn13View.swift in Sources */ = {isa = PBXBuildFile; fileRef = D900ACC62CE1F6AD00DC1959 /* ClefsPitchedNotesLearn13View.swift */; };
		D900ACDC2CE1F6AD00DC1959 /* ClefsPitchedNotesLearn14View.swift in Sources */ = {isa = PBXBuildFile; fileRef = D900ACC72CE1F6AD00DC1959 /* ClefsPitchedNotesLearn14View.swift */; };
		D900ACDD2CE1F6AD00DC1959 /* ClefsPitchedNotesReview1View.swift in Sources */ = {isa = PBXBuildFile; fileRef = D900ACC82CE1F6AD00DC1959 /* ClefsPitchedNotesReview1View.swift */; };
		D900ACE22CE1F6AD00DC1959 /* ClefsPitchedNotesView.swift in Sources */ = {isa = PBXBuildFile; fileRef = D900ACCD2CE1F6AD00DC1959 /* ClefsPitchedNotesView.swift */; };
		D900ACE92CE1F6B000DC1959 /* Sandbox1View.swift in Sources */ = {isa = PBXBuildFile; fileRef = D900ACE32CE1F6B000DC1959 /* Sandbox1View.swift */; };
		D900ACEA2CE1F6B000DC1959 /* Sandbox2View.swift in Sources */ = {isa = PBXBuildFile; fileRef = D900ACE42CE1F6B000DC1959 /* Sandbox2View.swift */; };
		D900ACEB2CE1F6B000DC1959 /* SandboxView.swift in Sources */ = {isa = PBXBuildFile; fileRef = D900ACE52CE1F6B000DC1959 /* SandboxView.swift */; };
		D900ACEC2CE1F6B000DC1959 /* SandboxViewModel.swift in Sources */ = {isa = PBXBuildFile; fileRef = D900ACE62CE1F6B000DC1959 /* SandboxViewModel.swift */; };
		D900ACED2CE1F6B000DC1959 /* SwiftUIView.swift in Sources */ = {isa = PBXBuildFile; fileRef = D900ACE72CE1F6B000DC1959 /* SwiftUIView.swift */; };
		D900ACFC2CE1F6B000DC1959 /* DynamicsLearn1View.swift in Sources */ = {isa = PBXBuildFile; fileRef = D900ACEE2CE1F6B000DC1959 /* DynamicsLearn1View.swift */; };
		D900ACFD2CE1F6B000DC1959 /* DynamicsLearn2View.swift in Sources */ = {isa = PBXBuildFile; fileRef = D900ACEF2CE1F6B000DC1959 /* DynamicsLearn2View.swift */; };
		D900ACFE2CE1F6B000DC1959 /* DynamicsLearn3View.swift in Sources */ = {isa = PBXBuildFile; fileRef = D900ACF02CE1F6B000DC1959 /* DynamicsLearn3View.swift */; };
		D900ACFF2CE1F6B000DC1959 /* DynamicsLearn4View.swift in Sources */ = {isa = PBXBuildFile; fileRef = D900ACF12CE1F6B000DC1959 /* DynamicsLearn4View.swift */; };
		D900AD002CE1F6B000DC1959 /* DynamicsLearn5View.swift in Sources */ = {isa = PBXBuildFile; fileRef = D900ACF22CE1F6B000DC1959 /* DynamicsLearn5View.swift */; };
		D900AD012CE1F6B000DC1959 /* DynamicsLearn6View.swift in Sources */ = {isa = PBXBuildFile; fileRef = D900ACF32CE1F6B000DC1959 /* DynamicsLearn6View.swift */; };
		D900AD022CE1F6B000DC1959 /* DynamicsLearn7View.swift in Sources */ = {isa = PBXBuildFile; fileRef = D900ACF42CE1F6B000DC1959 /* DynamicsLearn7View.swift */; };
		D900AD032CE1F6B000DC1959 /* DynamicsLearn8View.swift in Sources */ = {isa = PBXBuildFile; fileRef = D900ACF52CE1F6B000DC1959 /* DynamicsLearn8View.swift */; };
		D900AD042CE1F6B000DC1959 /* DynamicsReview1View.swift in Sources */ = {isa = PBXBuildFile; fileRef = D900ACF62CE1F6B000DC1959 /* DynamicsReview1View.swift */; };
		D900AD082CE1F6B000DC1959 /* DynamicsView.swift in Sources */ = {isa = PBXBuildFile; fileRef = D900ACFA2CE1F6B000DC1959 /* DynamicsView.swift */; };
		D900AD1D2CE1F6B000DC1959 /* ArticulationsOrnamentsLearn1View.swift in Sources */ = {isa = PBXBuildFile; fileRef = D900AD092CE1F6B000DC1959 /* ArticulationsOrnamentsLearn1View.swift */; };
		D900AD1E2CE1F6B000DC1959 /* ArticulationsOrnamentsLearn2View.swift in Sources */ = {isa = PBXBuildFile; fileRef = D900AD0A2CE1F6B000DC1959 /* ArticulationsOrnamentsLearn2View.swift */; };
		D900AD1F2CE1F6B000DC1959 /* ArticulationsOrnamentsLearn3View.swift in Sources */ = {isa = PBXBuildFile; fileRef = D900AD0B2CE1F6B000DC1959 /* ArticulationsOrnamentsLearn3View.swift */; };
		D900AD202CE1F6B000DC1959 /* ArticulationsOrnamentsLearn4View.swift in Sources */ = {isa = PBXBuildFile; fileRef = D900AD0C2CE1F6B000DC1959 /* ArticulationsOrnamentsLearn4View.swift */; };
		D900AD212CE1F6B000DC1959 /* ArticulationsOrnamentsLearn5View.swift in Sources */ = {isa = PBXBuildFile; fileRef = D900AD0D2CE1F6B000DC1959 /* ArticulationsOrnamentsLearn5View.swift */; };
		D900AD222CE1F6B000DC1959 /* ArticulationsOrnamentsLearn6View.swift in Sources */ = {isa = PBXBuildFile; fileRef = D900AD0E2CE1F6B000DC1959 /* ArticulationsOrnamentsLearn6View.swift */; };
		D900AD232CE1F6B000DC1959 /* ArticulationsOrnamentsLearn7View.swift in Sources */ = {isa = PBXBuildFile; fileRef = D900AD0F2CE1F6B000DC1959 /* ArticulationsOrnamentsLearn7View.swift */; };
		D900AD242CE1F6B000DC1959 /* ArticulationsOrnamentsLearn8View.swift in Sources */ = {isa = PBXBuildFile; fileRef = D900AD102CE1F6B000DC1959 /* ArticulationsOrnamentsLearn8View.swift */; };
		D900AD252CE1F6B000DC1959 /* ArticulationsOrnamentsLearn9View.swift in Sources */ = {isa = PBXBuildFile; fileRef = D900AD112CE1F6B000DC1959 /* ArticulationsOrnamentsLearn9View.swift */; };
		D900AD262CE1F6B000DC1959 /* ArticulationsOrnamentsLearn10View.swift in Sources */ = {isa = PBXBuildFile; fileRef = D900AD122CE1F6B000DC1959 /* ArticulationsOrnamentsLearn10View.swift */; };
		D900AD272CE1F6B000DC1959 /* ArticulationsOrnamentsLearn11View.swift in Sources */ = {isa = PBXBuildFile; fileRef = D900AD132CE1F6B000DC1959 /* ArticulationsOrnamentsLearn11View.swift */; };
		D900AD282CE1F6B000DC1959 /* ArticulationsOrnamentsLearn12View.swift in Sources */ = {isa = PBXBuildFile; fileRef = D900AD142CE1F6B000DC1959 /* ArticulationsOrnamentsLearn12View.swift */; };
		D900AD292CE1F6B000DC1959 /* ArticulationsOrnamentsLearn13View.swift in Sources */ = {isa = PBXBuildFile; fileRef = D900AD152CE1F6B000DC1959 /* ArticulationsOrnamentsLearn13View.swift */; };
		D900AD2A2CE1F6B000DC1959 /* ArticulationsOrnamentsLearn14View.swift in Sources */ = {isa = PBXBuildFile; fileRef = D900AD162CE1F6B000DC1959 /* ArticulationsOrnamentsLearn14View.swift */; };
		D900AD2B2CE1F6B000DC1959 /* ArticulationsOrnamentsReview1View.swift in Sources */ = {isa = PBXBuildFile; fileRef = D900AD172CE1F6B000DC1959 /* ArticulationsOrnamentsReview1View.swift */; };
		D900AD2F2CE1F6B000DC1959 /* ArticulationsOrnamentsView.swift in Sources */ = {isa = PBXBuildFile; fileRef = D900AD1B2CE1F6B000DC1959 /* ArticulationsOrnamentsView.swift */; };
		D900AE002CE1FCD400DC1959 /* SheetMusicOrganisationLearn7View.swift in Sources */ = {isa = PBXBuildFile; fileRef = D900ADFE2CE1FB7300DC1959 /* SheetMusicOrganisationLearn7View.swift */; };
		D900AE042CE1FCE100DC1959 /* SheetMusicOrganisationLearn9View.swift in Sources */ = {isa = PBXBuildFile; fileRef = D900AE022CE1FCE100DC1959 /* SheetMusicOrganisationLearn9View.swift */; };
		D900AE052CE1FCE100DC1959 /* SheetMusicOrganisationLearn8View.swift in Sources */ = {isa = PBXBuildFile; fileRef = D900AE012CE1FCE100DC1959 /* SheetMusicOrganisationLearn8View.swift */; };
		D900AE062CE1FCE100DC1959 /* SheetMusicOrganisationLearn10View.swift in Sources */ = {isa = PBXBuildFile; fileRef = D900AE032CE1FCE100DC1959 /* SheetMusicOrganisationLearn10View.swift */; };
		D9C232342CE0D8280032674D /* metronome.m4a in Resources */ = {isa = PBXBuildFile; fileRef = D9C232332CE0D8280032674D /* metronome.m4a */; };
		D9E035FB2CDF12AC00220F1F /* scoresight1App.swift in Sources */ = {isa = PBXBuildFile; fileRef = D9E035FA2CDF12AC00220F1F /* scoresight1App.swift */; };
		D9E035FD2CDF12AC00220F1F /* ContentView.swift in Sources */ = {isa = PBXBuildFile; fileRef = D9E035FC2CDF12AC00220F1F /* ContentView.swift */; };
		D9E035FF2CDF12AD00220F1F /* Assets.xcassets in Resources */ = {isa = PBXBuildFile; fileRef = D9E035FE2CDF12AD00220F1F /* Assets.xcassets */; };
		D9E036022CDF12AD00220F1F /* Preview Assets.xcassets in Resources */ = {isa = PBXBuildFile; fileRef = D9E036012CDF12AD00220F1F /* Preview Assets.xcassets */; };
/* End PBXBuildFile section */

/* Begin PBXFileReference section */
		316BA2BB2CE1FAD000BAF59C /* KeySignaturesAccidentalsLearn1View.swift */ = {isa = PBXFileReference; lastKnownFileType = sourcecode.swift; path = KeySignaturesAccidentalsLearn1View.swift; sourceTree = "<group>"; };
		316BA2BC2CE1FAD000BAF59C /* KeySignaturesAccidentalsLearn2View.swift */ = {isa = PBXFileReference; lastKnownFileType = sourcecode.swift; path = KeySignaturesAccidentalsLearn2View.swift; sourceTree = "<group>"; };
		316BA2BD2CE1FAD000BAF59C /* KeySignaturesAccidentalsLearn3View.swift */ = {isa = PBXFileReference; lastKnownFileType = sourcecode.swift; path = KeySignaturesAccidentalsLearn3View.swift; sourceTree = "<group>"; };
		316BA2BE2CE1FAD000BAF59C /* KeySignaturesAccidentalsLearn4View.swift */ = {isa = PBXFileReference; lastKnownFileType = sourcecode.swift; path = KeySignaturesAccidentalsLearn4View.swift; sourceTree = "<group>"; };
		316BA2BF2CE1FAD000BAF59C /* KeySignaturesAccidentalsLearn5View.swift */ = {isa = PBXFileReference; lastKnownFileType = sourcecode.swift; path = KeySignaturesAccidentalsLearn5View.swift; sourceTree = "<group>"; };
		316BA2C02CE1FAD000BAF59C /* KeySignaturesAccidentalsLearn6View.swift */ = {isa = PBXFileReference; lastKnownFileType = sourcecode.swift; path = KeySignaturesAccidentalsLearn6View.swift; sourceTree = "<group>"; };
		316BA2C12CE1FAD000BAF59C /* KeySignaturesAccidentalsLearn7View.swift */ = {isa = PBXFileReference; lastKnownFileType = sourcecode.swift; path = KeySignaturesAccidentalsLearn7View.swift; sourceTree = "<group>"; };
		316BA2C22CE1FAD000BAF59C /* KeySignaturesAccidentalsLearn8View.swift */ = {isa = PBXFileReference; lastKnownFileType = sourcecode.swift; path = KeySignaturesAccidentalsLearn8View.swift; sourceTree = "<group>"; };
		316BA2C32CE1FAD000BAF59C /* KeySignaturesAccidentalsLearn9View.swift */ = {isa = PBXFileReference; lastKnownFileType = sourcecode.swift; path = KeySignaturesAccidentalsLearn9View.swift; sourceTree = "<group>"; };
		316BA2C42CE1FAD000BAF59C /* KeySignaturesAccidentalsLearn10View.swift */ = {isa = PBXFileReference; lastKnownFileType = sourcecode.swift; path = KeySignaturesAccidentalsLearn10View.swift; sourceTree = "<group>"; };
		316BA2C52CE1FAD000BAF59C /* KeySignaturesAccidentalsLearn11View.swift */ = {isa = PBXFileReference; lastKnownFileType = sourcecode.swift; path = KeySignaturesAccidentalsLearn11View.swift; sourceTree = "<group>"; };
		316BA2C62CE1FAD000BAF59C /* KeySignaturesAccidentalsLearn12View.swift */ = {isa = PBXFileReference; lastKnownFileType = sourcecode.swift; path = KeySignaturesAccidentalsLearn12View.swift; sourceTree = "<group>"; };
		316BA2C72CE1FAD000BAF59C /* KeySignaturesAccidentalsLearn13View.swift */ = {isa = PBXFileReference; lastKnownFileType = sourcecode.swift; path = KeySignaturesAccidentalsLearn13View.swift; sourceTree = "<group>"; };
		316BA2C82CE1FAD000BAF59C /* KeySignaturesAccidentalsLearn14View.swift */ = {isa = PBXFileReference; lastKnownFileType = sourcecode.swift; path = KeySignaturesAccidentalsLearn14View.swift; sourceTree = "<group>"; };
		316BA2C92CE1FAD000BAF59C /* KeySignaturesAccidentalsLearn15View.swift */ = {isa = PBXFileReference; lastKnownFileType = sourcecode.swift; path = KeySignaturesAccidentalsLearn15View.swift; sourceTree = "<group>"; };
		316BA2CA2CE1FAD000BAF59C /* KeySignaturesAccidentalsLearn16View.swift */ = {isa = PBXFileReference; lastKnownFileType = sourcecode.swift; path = KeySignaturesAccidentalsLearn16View.swift; sourceTree = "<group>"; };
		316BA2CB2CE1FAD000BAF59C /* KeySignaturesAccidentalsReview1View.swift */ = {isa = PBXFileReference; lastKnownFileType = sourcecode.swift; path = KeySignaturesAccidentalsReview1View.swift; sourceTree = "<group>"; };
		316BA2CF2CE1FAD000BAF59C /* KeySignaturesAccidentalsView.swift */ = {isa = PBXFileReference; lastKnownFileType = sourcecode.swift; path = KeySignaturesAccidentalsView.swift; sourceTree = "<group>"; };
		31B8246E2CDF2DD50031E923 /* StartView.swift */ = {isa = PBXFileReference; lastKnownFileType = sourcecode.swift; path = StartView.swift; sourceTree = "<group>"; };
		D900AC912CE1F6A800DC1959 /* SheetMusicOrganisationLearnView.swift */ = {isa = PBXFileReference; lastKnownFileType = sourcecode.swift; path = SheetMusicOrganisationLearnView.swift; sourceTree = "<group>"; };
		D900AC922CE1F6A800DC1959 /* SheetMusicOrganisationLearn2View.swift */ = {isa = PBXFileReference; lastKnownFileType = sourcecode.swift; path = SheetMusicOrganisationLearn2View.swift; sourceTree = "<group>"; };
		D900AC932CE1F6A800DC1959 /* SheetMusicOrganisationLearn3View.swift */ = {isa = PBXFileReference; lastKnownFileType = sourcecode.swift; path = SheetMusicOrganisationLearn3View.swift; sourceTree = "<group>"; };
		D900AC942CE1F6A800DC1959 /* SheetMusicOrganisationLearn4View.swift */ = {isa = PBXFileReference; lastKnownFileType = sourcecode.swift; path = SheetMusicOrganisationLearn4View.swift; sourceTree = "<group>"; };
		D900AC952CE1F6A800DC1959 /* SheetMusicOrganisationLearn5View.swift */ = {isa = PBXFileReference; lastKnownFileType = sourcecode.swift; path = SheetMusicOrganisationLearn5View.swift; sourceTree = "<group>"; };
		D900AC962CE1F6A800DC1959 /* SheetMusicOrganisationLearn6View.swift */ = {isa = PBXFileReference; lastKnownFileType = sourcecode.swift; path = SheetMusicOrganisationLearn6View.swift; sourceTree = "<group>"; };
		D900AC972CE1F6A800DC1959 /* SheetMusicOrganisationReview1View.swift */ = {isa = PBXFileReference; lastKnownFileType = sourcecode.swift; path = SheetMusicOrganisationReview1View.swift; sourceTree = "<group>"; };
		D900AC982CE1F6A800DC1959 /* SheetMusicOrganisationView.swift */ = {isa = PBXFileReference; lastKnownFileType = sourcecode.swift; path = SheetMusicOrganisationView.swift; sourceTree = "<group>"; };
		D900ACA22CE1F6AA00DC1959 /* RhythmNotesRestsLearn2View.swift */ = {isa = PBXFileReference; lastKnownFileType = sourcecode.swift; path = RhythmNotesRestsLearn2View.swift; sourceTree = "<group>"; };
		D900ACA32CE1F6AA00DC1959 /* RhythmNotesRestsLearn3View.swift */ = {isa = PBXFileReference; lastKnownFileType = sourcecode.swift; path = RhythmNotesRestsLearn3View.swift; sourceTree = "<group>"; };
		D900ACA42CE1F6AA00DC1959 /* RhythmNotesRestsLearn4View.swift */ = {isa = PBXFileReference; lastKnownFileType = sourcecode.swift; path = RhythmNotesRestsLearn4View.swift; sourceTree = "<group>"; };
		D900ACA52CE1F6AA00DC1959 /* RhythmNotesRestsLearn5View.swift */ = {isa = PBXFileReference; lastKnownFileType = sourcecode.swift; path = RhythmNotesRestsLearn5View.swift; sourceTree = "<group>"; };
		D900ACA62CE1F6AA00DC1959 /* RhythmNotesRestsLearn6View.swift */ = {isa = PBXFileReference; lastKnownFileType = sourcecode.swift; path = RhythmNotesRestsLearn6View.swift; sourceTree = "<group>"; };
		D900ACA72CE1F6AA00DC1959 /* RhythmNotesRestsLearnview.swift */ = {isa = PBXFileReference; lastKnownFileType = sourcecode.swift; path = RhythmNotesRestsLearnview.swift; sourceTree = "<group>"; };
		D900ACA82CE1F6AA00DC1959 /* RhythmNotesRestsReviewView.swift */ = {isa = PBXFileReference; lastKnownFileType = sourcecode.swift; path = RhythmNotesRestsReviewView.swift; sourceTree = "<group>"; };
		D900ACA92CE1F6AA00DC1959 /* RhythmNotesRestsView.swift */ = {isa = PBXFileReference; lastKnownFileType = sourcecode.swift; path = RhythmNotesRestsView.swift; sourceTree = "<group>"; };
		D900ACB32CE1F6AB00DC1959 /* TimeSignaturesLearnView.swift */ = {isa = PBXFileReference; lastKnownFileType = sourcecode.swift; path = TimeSignaturesLearnView.swift; sourceTree = "<group>"; };
		D900ACB42CE1F6AB00DC1959 /* TimeSignaturesReviewView.swift */ = {isa = PBXFileReference; lastKnownFileType = sourcecode.swift; path = TimeSignaturesReviewView.swift; sourceTree = "<group>"; };
		D900ACB52CE1F6AB00DC1959 /* TimeSignaturesView.swift */ = {isa = PBXFileReference; lastKnownFileType = sourcecode.swift; path = TimeSignaturesView.swift; sourceTree = "<group>"; };
		D900ACBA2CE1F6AD00DC1959 /* ClefsPitchedNotesLearn1View.swift */ = {isa = PBXFileReference; lastKnownFileType = sourcecode.swift; path = ClefsPitchedNotesLearn1View.swift; sourceTree = "<group>"; };
		D900ACBB2CE1F6AD00DC1959 /* ClefsPitchedNotesLearn2View.swift */ = {isa = PBXFileReference; lastKnownFileType = sourcecode.swift; path = ClefsPitchedNotesLearn2View.swift; sourceTree = "<group>"; };
		D900ACBC2CE1F6AD00DC1959 /* ClefsPitchedNotesLearn3View.swift */ = {isa = PBXFileReference; lastKnownFileType = sourcecode.swift; path = ClefsPitchedNotesLearn3View.swift; sourceTree = "<group>"; };
		D900ACBD2CE1F6AD00DC1959 /* ClefsPitchedNotesLearn4View.swift */ = {isa = PBXFileReference; lastKnownFileType = sourcecode.swift; path = ClefsPitchedNotesLearn4View.swift; sourceTree = "<group>"; };
		D900ACBE2CE1F6AD00DC1959 /* ClefsPitchedNotesLearn5View.swift */ = {isa = PBXFileReference; lastKnownFileType = sourcecode.swift; path = ClefsPitchedNotesLearn5View.swift; sourceTree = "<group>"; };
		D900ACBF2CE1F6AD00DC1959 /* ClefsPitchedNotesLearn6View.swift */ = {isa = PBXFileReference; lastKnownFileType = sourcecode.swift; path = ClefsPitchedNotesLearn6View.swift; sourceTree = "<group>"; };
		D900ACC02CE1F6AD00DC1959 /* ClefsPitchedNotesLearn7View.swift */ = {isa = PBXFileReference; lastKnownFileType = sourcecode.swift; path = ClefsPitchedNotesLearn7View.swift; sourceTree = "<group>"; };
		D900ACC12CE1F6AD00DC1959 /* ClefsPitchedNotesLearn8View.swift */ = {isa = PBXFileReference; lastKnownFileType = sourcecode.swift; path = ClefsPitchedNotesLearn8View.swift; sourceTree = "<group>"; };
		D900ACC22CE1F6AD00DC1959 /* ClefsPitchedNotesLearn9View.swift */ = {isa = PBXFileReference; lastKnownFileType = sourcecode.swift; path = ClefsPitchedNotesLearn9View.swift; sourceTree = "<group>"; };
		D900ACC32CE1F6AD00DC1959 /* ClefsPitchedNotesLearn10View.swift */ = {isa = PBXFileReference; lastKnownFileType = sourcecode.swift; path = ClefsPitchedNotesLearn10View.swift; sourceTree = "<group>"; };
		D900ACC42CE1F6AD00DC1959 /* ClefsPitchedNotesLearn11View.swift */ = {isa = PBXFileReference; lastKnownFileType = sourcecode.swift; path = ClefsPitchedNotesLearn11View.swift; sourceTree = "<group>"; };
		D900ACC52CE1F6AD00DC1959 /* ClefsPitchedNotesLearn12View.swift */ = {isa = PBXFileReference; lastKnownFileType = sourcecode.swift; path = ClefsPitchedNotesLearn12View.swift; sourceTree = "<group>"; };
		D900ACC62CE1F6AD00DC1959 /* ClefsPitchedNotesLearn13View.swift */ = {isa = PBXFileReference; lastKnownFileType = sourcecode.swift; path = ClefsPitchedNotesLearn13View.swift; sourceTree = "<group>"; };
		D900ACC72CE1F6AD00DC1959 /* ClefsPitchedNotesLearn14View.swift */ = {isa = PBXFileReference; lastKnownFileType = sourcecode.swift; path = ClefsPitchedNotesLearn14View.swift; sourceTree = "<group>"; };
		D900ACC82CE1F6AD00DC1959 /* ClefsPitchedNotesReview1View.swift */ = {isa = PBXFileReference; lastKnownFileType = sourcecode.swift; path = ClefsPitchedNotesReview1View.swift; sourceTree = "<group>"; };
		D900ACCD2CE1F6AD00DC1959 /* ClefsPitchedNotesView.swift */ = {isa = PBXFileReference; lastKnownFileType = sourcecode.swift; path = ClefsPitchedNotesView.swift; sourceTree = "<group>"; };
		D900ACE32CE1F6B000DC1959 /* Sandbox1View.swift */ = {isa = PBXFileReference; lastKnownFileType = sourcecode.swift; path = Sandbox1View.swift; sourceTree = "<group>"; };
		D900ACE42CE1F6B000DC1959 /* Sandbox2View.swift */ = {isa = PBXFileReference; lastKnownFileType = sourcecode.swift; path = Sandbox2View.swift; sourceTree = "<group>"; };
		D900ACE52CE1F6B000DC1959 /* SandboxView.swift */ = {isa = PBXFileReference; lastKnownFileType = sourcecode.swift; path = SandboxView.swift; sourceTree = "<group>"; };
		D900ACE62CE1F6B000DC1959 /* SandboxViewModel.swift */ = {isa = PBXFileReference; lastKnownFileType = sourcecode.swift; path = SandboxViewModel.swift; sourceTree = "<group>"; };
		D900ACE72CE1F6B000DC1959 /* SwiftUIView.swift */ = {isa = PBXFileReference; lastKnownFileType = sourcecode.swift; path = SwiftUIView.swift; sourceTree = "<group>"; };
		D900ACEE2CE1F6B000DC1959 /* DynamicsLearn1View.swift */ = {isa = PBXFileReference; lastKnownFileType = sourcecode.swift; path = DynamicsLearn1View.swift; sourceTree = "<group>"; };
		D900ACEF2CE1F6B000DC1959 /* DynamicsLearn2View.swift */ = {isa = PBXFileReference; lastKnownFileType = sourcecode.swift; path = DynamicsLearn2View.swift; sourceTree = "<group>"; };
		D900ACF02CE1F6B000DC1959 /* DynamicsLearn3View.swift */ = {isa = PBXFileReference; lastKnownFileType = sourcecode.swift; path = DynamicsLearn3View.swift; sourceTree = "<group>"; };
		D900ACF12CE1F6B000DC1959 /* DynamicsLearn4View.swift */ = {isa = PBXFileReference; lastKnownFileType = sourcecode.swift; path = DynamicsLearn4View.swift; sourceTree = "<group>"; };
		D900ACF22CE1F6B000DC1959 /* DynamicsLearn5View.swift */ = {isa = PBXFileReference; lastKnownFileType = sourcecode.swift; path = DynamicsLearn5View.swift; sourceTree = "<group>"; };
		D900ACF32CE1F6B000DC1959 /* DynamicsLearn6View.swift */ = {isa = PBXFileReference; lastKnownFileType = sourcecode.swift; path = DynamicsLearn6View.swift; sourceTree = "<group>"; };
		D900ACF42CE1F6B000DC1959 /* DynamicsLearn7View.swift */ = {isa = PBXFileReference; lastKnownFileType = sourcecode.swift; path = DynamicsLearn7View.swift; sourceTree = "<group>"; };
		D900ACF52CE1F6B000DC1959 /* DynamicsLearn8View.swift */ = {isa = PBXFileReference; lastKnownFileType = sourcecode.swift; path = DynamicsLearn8View.swift; sourceTree = "<group>"; };
		D900ACF62CE1F6B000DC1959 /* DynamicsReview1View.swift */ = {isa = PBXFileReference; lastKnownFileType = sourcecode.swift; path = DynamicsReview1View.swift; sourceTree = "<group>"; };
		D900ACFA2CE1F6B000DC1959 /* DynamicsView.swift */ = {isa = PBXFileReference; lastKnownFileType = sourcecode.swift; path = DynamicsView.swift; sourceTree = "<group>"; };
		D900AD092CE1F6B000DC1959 /* ArticulationsOrnamentsLearn1View.swift */ = {isa = PBXFileReference; lastKnownFileType = sourcecode.swift; path = ArticulationsOrnamentsLearn1View.swift; sourceTree = "<group>"; };
		D900AD0A2CE1F6B000DC1959 /* ArticulationsOrnamentsLearn2View.swift */ = {isa = PBXFileReference; lastKnownFileType = sourcecode.swift; path = ArticulationsOrnamentsLearn2View.swift; sourceTree = "<group>"; };
		D900AD0B2CE1F6B000DC1959 /* ArticulationsOrnamentsLearn3View.swift */ = {isa = PBXFileReference; lastKnownFileType = sourcecode.swift; path = ArticulationsOrnamentsLearn3View.swift; sourceTree = "<group>"; };
		D900AD0C2CE1F6B000DC1959 /* ArticulationsOrnamentsLearn4View.swift */ = {isa = PBXFileReference; lastKnownFileType = sourcecode.swift; path = ArticulationsOrnamentsLearn4View.swift; sourceTree = "<group>"; };
		D900AD0D2CE1F6B000DC1959 /* ArticulationsOrnamentsLearn5View.swift */ = {isa = PBXFileReference; lastKnownFileType = sourcecode.swift; path = ArticulationsOrnamentsLearn5View.swift; sourceTree = "<group>"; };
		D900AD0E2CE1F6B000DC1959 /* ArticulationsOrnamentsLearn6View.swift */ = {isa = PBXFileReference; lastKnownFileType = sourcecode.swift; path = ArticulationsOrnamentsLearn6View.swift; sourceTree = "<group>"; };
		D900AD0F2CE1F6B000DC1959 /* ArticulationsOrnamentsLearn7View.swift */ = {isa = PBXFileReference; lastKnownFileType = sourcecode.swift; path = ArticulationsOrnamentsLearn7View.swift; sourceTree = "<group>"; };
		D900AD102CE1F6B000DC1959 /* ArticulationsOrnamentsLearn8View.swift */ = {isa = PBXFileReference; lastKnownFileType = sourcecode.swift; path = ArticulationsOrnamentsLearn8View.swift; sourceTree = "<group>"; };
		D900AD112CE1F6B000DC1959 /* ArticulationsOrnamentsLearn9View.swift */ = {isa = PBXFileReference; lastKnownFileType = sourcecode.swift; path = ArticulationsOrnamentsLearn9View.swift; sourceTree = "<group>"; };
		D900AD122CE1F6B000DC1959 /* ArticulationsOrnamentsLearn10View.swift */ = {isa = PBXFileReference; lastKnownFileType = sourcecode.swift; path = ArticulationsOrnamentsLearn10View.swift; sourceTree = "<group>"; };
		D900AD132CE1F6B000DC1959 /* ArticulationsOrnamentsLearn11View.swift */ = {isa = PBXFileReference; lastKnownFileType = sourcecode.swift; path = ArticulationsOrnamentsLearn11View.swift; sourceTree = "<group>"; };
		D900AD142CE1F6B000DC1959 /* ArticulationsOrnamentsLearn12View.swift */ = {isa = PBXFileReference; lastKnownFileType = sourcecode.swift; path = ArticulationsOrnamentsLearn12View.swift; sourceTree = "<group>"; };
		D900AD152CE1F6B000DC1959 /* ArticulationsOrnamentsLearn13View.swift */ = {isa = PBXFileReference; lastKnownFileType = sourcecode.swift; path = ArticulationsOrnamentsLearn13View.swift; sourceTree = "<group>"; };
		D900AD162CE1F6B000DC1959 /* ArticulationsOrnamentsLearn14View.swift */ = {isa = PBXFileReference; lastKnownFileType = sourcecode.swift; path = ArticulationsOrnamentsLearn14View.swift; sourceTree = "<group>"; };
		D900AD172CE1F6B000DC1959 /* ArticulationsOrnamentsReview1View.swift */ = {isa = PBXFileReference; lastKnownFileType = sourcecode.swift; path = ArticulationsOrnamentsReview1View.swift; sourceTree = "<group>"; };
		D900AD1B2CE1F6B000DC1959 /* ArticulationsOrnamentsView.swift */ = {isa = PBXFileReference; lastKnownFileType = sourcecode.swift; path = ArticulationsOrnamentsView.swift; sourceTree = "<group>"; };
		D900ADFE2CE1FB7300DC1959 /* SheetMusicOrganisationLearn7View.swift */ = {isa = PBXFileReference; lastKnownFileType = sourcecode.swift; path = SheetMusicOrganisationLearn7View.swift; sourceTree = "<group>"; };
		D900AE012CE1FCE100DC1959 /* SheetMusicOrganisationLearn8View.swift */ = {isa = PBXFileReference; lastKnownFileType = sourcecode.swift; path = SheetMusicOrganisationLearn8View.swift; sourceTree = "<group>"; };
		D900AE022CE1FCE100DC1959 /* SheetMusicOrganisationLearn9View.swift */ = {isa = PBXFileReference; lastKnownFileType = sourcecode.swift; path = SheetMusicOrganisationLearn9View.swift; sourceTree = "<group>"; };
		D900AE032CE1FCE100DC1959 /* SheetMusicOrganisationLearn10View.swift */ = {isa = PBXFileReference; lastKnownFileType = sourcecode.swift; path = SheetMusicOrganisationLearn10View.swift; sourceTree = "<group>"; };
		D9C232332CE0D8280032674D /* metronome.m4a */ = {isa = PBXFileReference; lastKnownFileType = file; path = metronome.m4a; sourceTree = "<group>"; };
		D9E035F72CDF12AC00220F1F /* scoresight1.app */ = {isa = PBXFileReference; explicitFileType = wrapper.application; includeInIndex = 0; path = scoresight1.app; sourceTree = BUILT_PRODUCTS_DIR; };
		D9E035FA2CDF12AC00220F1F /* scoresight1App.swift */ = {isa = PBXFileReference; lastKnownFileType = sourcecode.swift; path = scoresight1App.swift; sourceTree = "<group>"; };
		D9E035FC2CDF12AC00220F1F /* ContentView.swift */ = {isa = PBXFileReference; lastKnownFileType = sourcecode.swift; path = ContentView.swift; sourceTree = "<group>"; };
		D9E035FE2CDF12AD00220F1F /* Assets.xcassets */ = {isa = PBXFileReference; lastKnownFileType = folder.assetcatalog; path = Assets.xcassets; sourceTree = "<group>"; };
		D9E036012CDF12AD00220F1F /* Preview Assets.xcassets */ = {isa = PBXFileReference; lastKnownFileType = folder.assetcatalog; path = "Preview Assets.xcassets"; sourceTree = "<group>"; };
/* End PBXFileReference section */

/* Begin PBXFrameworksBuildPhase section */
		D9E035F42CDF12AC00220F1F /* Frameworks */ = {
			isa = PBXFrameworksBuildPhase;
			buildActionMask = 2147483647;
			files = (
			);
			runOnlyForDeploymentPostprocessing = 0;
		};
/* End PBXFrameworksBuildPhase section */

/* Begin PBXGroup section */
		316BA2D02CE1FAD000BAF59C /* KeySignaturesAccidentals 2 */ = {
			isa = PBXGroup;
			children = (
				316BA2BB2CE1FAD000BAF59C /* KeySignaturesAccidentalsLearn1View.swift */,
				316BA2BC2CE1FAD000BAF59C /* KeySignaturesAccidentalsLearn2View.swift */,
				316BA2BD2CE1FAD000BAF59C /* KeySignaturesAccidentalsLearn3View.swift */,
				316BA2BE2CE1FAD000BAF59C /* KeySignaturesAccidentalsLearn4View.swift */,
				316BA2BF2CE1FAD000BAF59C /* KeySignaturesAccidentalsLearn5View.swift */,
				316BA2C02CE1FAD000BAF59C /* KeySignaturesAccidentalsLearn6View.swift */,
				316BA2C12CE1FAD000BAF59C /* KeySignaturesAccidentalsLearn7View.swift */,
				316BA2C22CE1FAD000BAF59C /* KeySignaturesAccidentalsLearn8View.swift */,
				316BA2C32CE1FAD000BAF59C /* KeySignaturesAccidentalsLearn9View.swift */,
				316BA2C42CE1FAD000BAF59C /* KeySignaturesAccidentalsLearn10View.swift */,
				316BA2C52CE1FAD000BAF59C /* KeySignaturesAccidentalsLearn11View.swift */,
				316BA2C62CE1FAD000BAF59C /* KeySignaturesAccidentalsLearn12View.swift */,
				316BA2C72CE1FAD000BAF59C /* KeySignaturesAccidentalsLearn13View.swift */,
				316BA2C82CE1FAD000BAF59C /* KeySignaturesAccidentalsLearn14View.swift */,
				316BA2C92CE1FAD000BAF59C /* KeySignaturesAccidentalsLearn15View.swift */,
				316BA2CA2CE1FAD000BAF59C /* KeySignaturesAccidentalsLearn16View.swift */,
				316BA2CB2CE1FAD000BAF59C /* KeySignaturesAccidentalsReview1View.swift */,
				316BA2CF2CE1FAD000BAF59C /* KeySignaturesAccidentalsView.swift */,
			);
			path = "KeySignaturesAccidentals 2";
			sourceTree = "<group>";
		};
		D900AC992CE1F6A800DC1959 /* SheetMusic */ = {
			isa = PBXGroup;
			children = (
				D900AC912CE1F6A800DC1959 /* SheetMusicOrganisationLearnView.swift */,
				D900AC922CE1F6A800DC1959 /* SheetMusicOrganisationLearn2View.swift */,
				D900AC932CE1F6A800DC1959 /* SheetMusicOrganisationLearn3View.swift */,
				D900AC942CE1F6A800DC1959 /* SheetMusicOrganisationLearn4View.swift */,
				D900AC952CE1F6A800DC1959 /* SheetMusicOrganisationLearn5View.swift */,
				D900AC962CE1F6A800DC1959 /* SheetMusicOrganisationLearn6View.swift */,
				D900ADFE2CE1FB7300DC1959 /* SheetMusicOrganisationLearn7View.swift */,
				D900AE012CE1FCE100DC1959 /* SheetMusicOrganisationLearn8View.swift */,
				D900AE022CE1FCE100DC1959 /* SheetMusicOrganisationLearn9View.swift */,
				D900AE032CE1FCE100DC1959 /* SheetMusicOrganisationLearn10View.swift */,
				D900AC972CE1F6A800DC1959 /* SheetMusicOrganisationReview1View.swift */,
				D900AC982CE1F6A800DC1959 /* SheetMusicOrganisationView.swift */,
			);
			path = SheetMusic;
			sourceTree = "<group>";
		};
		D900ACAA2CE1F6AA00DC1959 /* Rhythm */ = {
			isa = PBXGroup;
			children = (
				D900ACA22CE1F6AA00DC1959 /* RhythmNotesRestsLearn2View.swift */,
				D900ACA32CE1F6AA00DC1959 /* RhythmNotesRestsLearn3View.swift */,
				D900ACA42CE1F6AA00DC1959 /* RhythmNotesRestsLearn4View.swift */,
				D900ACA52CE1F6AA00DC1959 /* RhythmNotesRestsLearn5View.swift */,
				D900ACA62CE1F6AA00DC1959 /* RhythmNotesRestsLearn6View.swift */,
				D900ACA72CE1F6AA00DC1959 /* RhythmNotesRestsLearnview.swift */,
				D900ACA82CE1F6AA00DC1959 /* RhythmNotesRestsReviewView.swift */,
				D900ACA92CE1F6AA00DC1959 /* RhythmNotesRestsView.swift */,
			);
			path = Rhythm;
			sourceTree = "<group>";
		};
		D900ACB62CE1F6AB00DC1959 /* TimeSignature */ = {
			isa = PBXGroup;
			children = (
				D900ACB32CE1F6AB00DC1959 /* TimeSignaturesLearnView.swift */,
				D900ACB42CE1F6AB00DC1959 /* TimeSignaturesReviewView.swift */,
				D900ACB52CE1F6AB00DC1959 /* TimeSignaturesView.swift */,
			);
			path = TimeSignature;
			sourceTree = "<group>";
		};
		D900ACCE2CE1F6AD00DC1959 /* ClefsPitchedNotes */ = {
			isa = PBXGroup;
			children = (
				D900ACBA2CE1F6AD00DC1959 /* ClefsPitchedNotesLearn1View.swift */,
				D900ACBB2CE1F6AD00DC1959 /* ClefsPitchedNotesLearn2View.swift */,
				D900ACBC2CE1F6AD00DC1959 /* ClefsPitchedNotesLearn3View.swift */,
				D900ACBD2CE1F6AD00DC1959 /* ClefsPitchedNotesLearn4View.swift */,
				D900ACBE2CE1F6AD00DC1959 /* ClefsPitchedNotesLearn5View.swift */,
				D900ACBF2CE1F6AD00DC1959 /* ClefsPitchedNotesLearn6View.swift */,
				D900ACC02CE1F6AD00DC1959 /* ClefsPitchedNotesLearn7View.swift */,
				D900ACC12CE1F6AD00DC1959 /* ClefsPitchedNotesLearn8View.swift */,
				D900ACC22CE1F6AD00DC1959 /* ClefsPitchedNotesLearn9View.swift */,
				D900ACC32CE1F6AD00DC1959 /* ClefsPitchedNotesLearn10View.swift */,
				D900ACC42CE1F6AD00DC1959 /* ClefsPitchedNotesLearn11View.swift */,
				D900ACC52CE1F6AD00DC1959 /* ClefsPitchedNotesLearn12View.swift */,
				D900ACC62CE1F6AD00DC1959 /* ClefsPitchedNotesLearn13View.swift */,
				D900ACC72CE1F6AD00DC1959 /* ClefsPitchedNotesLearn14View.swift */,
				D900ACC82CE1F6AD00DC1959 /* ClefsPitchedNotesReview1View.swift */,
				D900ACCD2CE1F6AD00DC1959 /* ClefsPitchedNotesView.swift */,
			);
			path = ClefsPitchedNotes;
			sourceTree = "<group>";
		};
		D900ACE82CE1F6B000DC1959 /* Sandbox */ = {
			isa = PBXGroup;
			children = (
				D900ACE32CE1F6B000DC1959 /* Sandbox1View.swift */,
				D900ACE42CE1F6B000DC1959 /* Sandbox2View.swift */,
				D900ACE52CE1F6B000DC1959 /* SandboxView.swift */,
				D900ACE62CE1F6B000DC1959 /* SandboxViewModel.swift */,
				D900ACE72CE1F6B000DC1959 /* SwiftUIView.swift */,
			);
			path = Sandbox;
			sourceTree = "<group>";
		};
		D900ACFB2CE1F6B000DC1959 /* Dynamics */ = {
			isa = PBXGroup;
			children = (
				D900ACEE2CE1F6B000DC1959 /* DynamicsLearn1View.swift */,
				D900ACEF2CE1F6B000DC1959 /* DynamicsLearn2View.swift */,
				D900ACF02CE1F6B000DC1959 /* DynamicsLearn3View.swift */,
				D900ACF12CE1F6B000DC1959 /* DynamicsLearn4View.swift */,
				D900ACF22CE1F6B000DC1959 /* DynamicsLearn5View.swift */,
				D900ACF32CE1F6B000DC1959 /* DynamicsLearn6View.swift */,
				D900ACF42CE1F6B000DC1959 /* DynamicsLearn7View.swift */,
				D900ACF52CE1F6B000DC1959 /* DynamicsLearn8View.swift */,
				D900ACF62CE1F6B000DC1959 /* DynamicsReview1View.swift */,
				D900ACFA2CE1F6B000DC1959 /* DynamicsView.swift */,
			);
			path = Dynamics;
			sourceTree = "<group>";
		};
		D900AD1C2CE1F6B000DC1959 /* Articulations */ = {
			isa = PBXGroup;
			children = (
				D900AD092CE1F6B000DC1959 /* ArticulationsOrnamentsLearn1View.swift */,
				D900AD0A2CE1F6B000DC1959 /* ArticulationsOrnamentsLearn2View.swift */,
				D900AD0B2CE1F6B000DC1959 /* ArticulationsOrnamentsLearn3View.swift */,
				D900AD0C2CE1F6B000DC1959 /* ArticulationsOrnamentsLearn4View.swift */,
				D900AD0D2CE1F6B000DC1959 /* ArticulationsOrnamentsLearn5View.swift */,
				D900AD0E2CE1F6B000DC1959 /* ArticulationsOrnamentsLearn6View.swift */,
				D900AD0F2CE1F6B000DC1959 /* ArticulationsOrnamentsLearn7View.swift */,
				D900AD102CE1F6B000DC1959 /* ArticulationsOrnamentsLearn8View.swift */,
				D900AD112CE1F6B000DC1959 /* ArticulationsOrnamentsLearn9View.swift */,
				D900AD122CE1F6B000DC1959 /* ArticulationsOrnamentsLearn10View.swift */,
				D900AD132CE1F6B000DC1959 /* ArticulationsOrnamentsLearn11View.swift */,
				D900AD142CE1F6B000DC1959 /* ArticulationsOrnamentsLearn12View.swift */,
				D900AD152CE1F6B000DC1959 /* ArticulationsOrnamentsLearn13View.swift */,
				D900AD162CE1F6B000DC1959 /* ArticulationsOrnamentsLearn14View.swift */,
				D900AD172CE1F6B000DC1959 /* ArticulationsOrnamentsReview1View.swift */,
				D900AD1B2CE1F6B000DC1959 /* ArticulationsOrnamentsView.swift */,
			);
			path = Articulations;
			sourceTree = "<group>";
		};
		D9E035EE2CDF12AC00220F1F = {
			isa = PBXGroup;
			children = (
				D9E035F92CDF12AC00220F1F /* scoresight1 */,
				D9E035F82CDF12AC00220F1F /* Products */,
			);
			sourceTree = "<group>";
		};
		D9E035F82CDF12AC00220F1F /* Products */ = {
			isa = PBXGroup;
			children = (
				D9E035F72CDF12AC00220F1F /* scoresight1.app */,
			);
			name = Products;
			sourceTree = "<group>";
		};
		D9E035F92CDF12AC00220F1F /* scoresight1 */ = {
			isa = PBXGroup;
			children = (
				D9E035FA2CDF12AC00220F1F /* scoresight1App.swift */,
				31B8246E2CDF2DD50031E923 /* StartView.swift */,
				D9E035FC2CDF12AC00220F1F /* ContentView.swift */,
				D900AC992CE1F6A800DC1959 /* SheetMusic */,
				D900ACAA2CE1F6AA00DC1959 /* Rhythm */,
				D900ACB62CE1F6AB00DC1959 /* TimeSignature */,
				D900ACCE2CE1F6AD00DC1959 /* ClefsPitchedNotes */,
				316BA2D02CE1FAD000BAF59C /* KeySignaturesAccidentals 2 */,
				D900ACFB2CE1F6B000DC1959 /* Dynamics */,
				D900AD1C2CE1F6B000DC1959 /* Articulations */,
				D900ACE82CE1F6B000DC1959 /* Sandbox */,
				D9E035FE2CDF12AD00220F1F /* Assets.xcassets */,
				D9E036002CDF12AD00220F1F /* Preview Content */,
			);
			path = scoresight1;
			sourceTree = "<group>";
		};
		D9E036002CDF12AD00220F1F /* Preview Content */ = {
			isa = PBXGroup;
			children = (
				D9C232332CE0D8280032674D /* metronome.m4a */,
				D9E036012CDF12AD00220F1F /* Preview Assets.xcassets */,
			);
			path = "Preview Content";
			sourceTree = "<group>";
		};
/* End PBXGroup section */

/* Begin PBXNativeTarget section */
		D9E035F62CDF12AC00220F1F /* scoresight1 */ = {
			isa = PBXNativeTarget;
			buildConfigurationList = D9E036052CDF12AD00220F1F /* Build configuration list for PBXNativeTarget "scoresight1" */;
			buildPhases = (
				D9E035F32CDF12AC00220F1F /* Sources */,
				D9E035F42CDF12AC00220F1F /* Frameworks */,
				D9E035F52CDF12AC00220F1F /* Resources */,
			);
			buildRules = (
			);
			dependencies = (
			);
			name = scoresight1;
			productName = scoresight1;
			productReference = D9E035F72CDF12AC00220F1F /* scoresight1.app */;
			productType = "com.apple.product-type.application";
		};
/* End PBXNativeTarget section */

/* Begin PBXProject section */
		D9E035EF2CDF12AC00220F1F /* Project object */ = {
			isa = PBXProject;
			attributes = {
				BuildIndependentTargetsInParallel = 1;
				LastSwiftUpdateCheck = 1540;
				LastUpgradeCheck = 1540;
				TargetAttributes = {
					D9E035F62CDF12AC00220F1F = {
						CreatedOnToolsVersion = 15.4;
					};
				};
			};
			buildConfigurationList = D9E035F22CDF12AC00220F1F /* Build configuration list for PBXProject "scoresight1" */;
			developmentRegion = en;
			hasScannedForEncodings = 0;
			knownRegions = (
				en,
				Base,
			);
			mainGroup = D9E035EE2CDF12AC00220F1F;
			preferredProjectObjectVersion = 77;
			productRefGroup = D9E035F82CDF12AC00220F1F /* Products */;
			projectDirPath = "";
			projectRoot = "";
			targets = (
				D9E035F62CDF12AC00220F1F /* scoresight1 */,
			);
		};
/* End PBXProject section */

/* Begin PBXResourcesBuildPhase section */
		D9E035F52CDF12AC00220F1F /* Resources */ = {
			isa = PBXResourcesBuildPhase;
			buildActionMask = 2147483647;
			files = (
				D9E036022CDF12AD00220F1F /* Preview Assets.xcassets in Resources */,
				D9C232342CE0D8280032674D /* metronome.m4a in Resources */,
				D9E035FF2CDF12AD00220F1F /* Assets.xcassets in Resources */,
			);
			runOnlyForDeploymentPostprocessing = 0;
		};
/* End PBXResourcesBuildPhase section */

/* Begin PBXSourcesBuildPhase section */
		D9E035F32CDF12AC00220F1F /* Sources */ = {
			isa = PBXSourcesBuildPhase;
			buildActionMask = 2147483647;
			files = (
				D9E035FD2CDF12AC00220F1F /* ContentView.swift in Sources */,
				D900AC9A2CE1F6A800DC1959 /* SheetMusicOrganisationLearnView.swift in Sources */,
				D900AC9B2CE1F6A800DC1959 /* SheetMusicOrganisationLearn2View.swift in Sources */,
				D900AC9C2CE1F6A800DC1959 /* SheetMusicOrganisationLearn3View.swift in Sources */,
				D900AC9D2CE1F6A800DC1959 /* SheetMusicOrganisationLearn4View.swift in Sources */,
				D900AC9E2CE1F6A800DC1959 /* SheetMusicOrganisationLearn5View.swift in Sources */,
				D900AC9F2CE1F6A800DC1959 /* SheetMusicOrganisationLearn6View.swift in Sources */,
				D900ACA02CE1F6A800DC1959 /* SheetMusicOrganisationReview1View.swift in Sources */,
				D900ACA12CE1F6A800DC1959 /* SheetMusicOrganisationView.swift in Sources */,
				D900ACAB2CE1F6AA00DC1959 /* RhythmNotesRestsLearn2View.swift in Sources */,
				D900ACAC2CE1F6AA00DC1959 /* RhythmNotesRestsLearn3View.swift in Sources */,
				D900ACAD2CE1F6AA00DC1959 /* RhythmNotesRestsLearn4View.swift in Sources */,
				D900ACAE2CE1F6AA00DC1959 /* RhythmNotesRestsLearn5View.swift in Sources */,
				D900ACAF2CE1F6AA00DC1959 /* RhythmNotesRestsLearn6View.swift in Sources */,
				D900ACB02CE1F6AA00DC1959 /* RhythmNotesRestsLearnview.swift in Sources */,
				D900ACB12CE1F6AA00DC1959 /* RhythmNotesRestsReviewView.swift in Sources */,
				D900ACB22CE1F6AA00DC1959 /* RhythmNotesRestsView.swift in Sources */,
				D900ACE92CE1F6B000DC1959 /* Sandbox1View.swift in Sources */,
				D900ACEA2CE1F6B000DC1959 /* Sandbox2View.swift in Sources */,
				D900ACEB2CE1F6B000DC1959 /* SandboxView.swift in Sources */,
				D900ACEC2CE1F6B000DC1959 /* SandboxViewModel.swift in Sources */,
				D900ACED2CE1F6B000DC1959 /* SwiftUIView.swift in Sources */,
				D900ACCF2CE1F6AD00DC1959 /* ClefsPitchedNotesLearn1View.swift in Sources */,
				D900ACD02CE1F6AD00DC1959 /* ClefsPitchedNotesLearn2View.swift in Sources */,
				D900ACD12CE1F6AD00DC1959 /* ClefsPitchedNotesLearn3View.swift in Sources */,
				D900ACD22CE1F6AD00DC1959 /* ClefsPitchedNotesLearn4View.swift in Sources */,
				D900ACD32CE1F6AD00DC1959 /* ClefsPitchedNotesLearn5View.swift in Sources */,
				D900AD1D2CE1F6B000DC1959 /* ArticulationsOrnamentsLearn1View.swift in Sources */,
				D900AD1E2CE1F6B000DC1959 /* ArticulationsOrnamentsLearn2View.swift in Sources */,
				D900AE002CE1FCD400DC1959 /* SheetMusicOrganisationLearn7View.swift in Sources */,
				D900AD1F2CE1F6B000DC1959 /* ArticulationsOrnamentsLearn3View.swift in Sources */,
				D900AD202CE1F6B000DC1959 /* ArticulationsOrnamentsLearn4View.swift in Sources */,
				D900AD212CE1F6B000DC1959 /* ArticulationsOrnamentsLearn5View.swift in Sources */,
				D900AD222CE1F6B000DC1959 /* ArticulationsOrnamentsLearn6View.swift in Sources */,
				D900AD232CE1F6B000DC1959 /* ArticulationsOrnamentsLearn7View.swift in Sources */,
				D900AD242CE1F6B000DC1959 /* ArticulationsOrnamentsLearn8View.swift in Sources */,
				D900AD252CE1F6B000DC1959 /* ArticulationsOrnamentsLearn9View.swift in Sources */,
				D900AD262CE1F6B000DC1959 /* ArticulationsOrnamentsLearn10View.swift in Sources */,
				D900AD272CE1F6B000DC1959 /* ArticulationsOrnamentsLearn11View.swift in Sources */,
				D900AD282CE1F6B000DC1959 /* ArticulationsOrnamentsLearn12View.swift in Sources */,
				316BA2D22CE1FAD100BAF59C /* KeySignaturesAccidentalsLearn7View.swift in Sources */,
				316BA2D32CE1FAD100BAF59C /* KeySignaturesAccidentalsReview1View.swift in Sources */,
				316BA2D52CE1FAD100BAF59C /* KeySignaturesAccidentalsLearn6View.swift in Sources */,
				316BA2D62CE1FAD100BAF59C /* KeySignaturesAccidentalsLearn3View.swift in Sources */,
				316BA2D72CE1FAD100BAF59C /* KeySignaturesAccidentalsLearn1View.swift in Sources */,
				316BA2D82CE1FAD100BAF59C /* KeySignaturesAccidentalsLearn10View.swift in Sources */,
				316BA2D92CE1FAD100BAF59C /* KeySignaturesAccidentalsLearn16View.swift in Sources */,
				316BA2DA2CE1FAD100BAF59C /* KeySignaturesAccidentalsLearn14View.swift in Sources */,
				316BA2DB2CE1FAD100BAF59C /* KeySignaturesAccidentalsView.swift in Sources */,
				316BA2DC2CE1FAD100BAF59C /* KeySignaturesAccidentalsLearn8View.swift in Sources */,
				316BA2DD2CE1FAD100BAF59C /* KeySignaturesAccidentalsLearn5View.swift in Sources */,
				316BA2DE2CE1FAD100BAF59C /* KeySignaturesAccidentalsLearn4View.swift in Sources */,
				316BA2E02CE1FAD100BAF59C /* KeySignaturesAccidentalsLearn9View.swift in Sources */,
				316BA2E12CE1FAD100BAF59C /* KeySignaturesAccidentalsLearn11View.swift in Sources */,
				316BA2E22CE1FAD100BAF59C /* KeySignaturesAccidentalsLearn2View.swift in Sources */,
				316BA2E32CE1FAD100BAF59C /* KeySignaturesAccidentalsLearn12View.swift in Sources */,
				316BA2E42CE1FAD100BAF59C /* KeySignaturesAccidentalsLearn13View.swift in Sources */,
				316BA2E52CE1FAD100BAF59C /* KeySignaturesAccidentalsLearn15View.swift in Sources */,
				D900AD292CE1F6B000DC1959 /* ArticulationsOrnamentsLearn13View.swift in Sources */,
				D900AD2A2CE1F6B000DC1959 /* ArticulationsOrnamentsLearn14View.swift in Sources */,
				D900AD2B2CE1F6B000DC1959 /* ArticulationsOrnamentsReview1View.swift in Sources */,
				D900AD2F2CE1F6B000DC1959 /* ArticulationsOrnamentsView.swift in Sources */,
				D900ACD42CE1F6AD00DC1959 /* ClefsPitchedNotesLearn6View.swift in Sources */,
				D900ACD52CE1F6AD00DC1959 /* ClefsPitchedNotesLearn7View.swift in Sources */,
				D900ACD62CE1F6AD00DC1959 /* ClefsPitchedNotesLearn8View.swift in Sources */,
				D900ACD72CE1F6AD00DC1959 /* ClefsPitchedNotesLearn9View.swift in Sources */,
				D900ACD82CE1F6AD00DC1959 /* ClefsPitchedNotesLearn10View.swift in Sources */,
				D900ACD92CE1F6AD00DC1959 /* ClefsPitchedNotesLearn11View.swift in Sources */,
				D900ACDA2CE1F6AD00DC1959 /* ClefsPitchedNotesLearn12View.swift in Sources */,
				D900ACDB2CE1F6AD00DC1959 /* ClefsPitchedNotesLearn13View.swift in Sources */,
				D900ACDC2CE1F6AD00DC1959 /* ClefsPitchedNotesLearn14View.swift in Sources */,
				D900ACDD2CE1F6AD00DC1959 /* ClefsPitchedNotesReview1View.swift in Sources */,
				D900ACFC2CE1F6B000DC1959 /* DynamicsLearn1View.swift in Sources */,
				D900ACFD2CE1F6B000DC1959 /* DynamicsLearn2View.swift in Sources */,
				D900ACFE2CE1F6B000DC1959 /* DynamicsLearn3View.swift in Sources */,
				D900ACFF2CE1F6B000DC1959 /* DynamicsLearn4View.swift in Sources */,
				D900AD002CE1F6B000DC1959 /* DynamicsLearn5View.swift in Sources */,
				D900AD012CE1F6B000DC1959 /* DynamicsLearn6View.swift in Sources */,
				D900AD022CE1F6B000DC1959 /* DynamicsLearn7View.swift in Sources */,
				D900AD032CE1F6B000DC1959 /* DynamicsLearn8View.swift in Sources */,
				D900AD042CE1F6B000DC1959 /* DynamicsReview1View.swift in Sources */,
<<<<<<< Updated upstream
=======
				D900AE042CE1FCE100DC1959 /* SheetMusicOrganisationLearn9View.swift in Sources */,
				D900AE052CE1FCE100DC1959 /* SheetMusicOrganisationLearn8View.swift in Sources */,
				D900AE062CE1FCE100DC1959 /* SheetMusicOrganisationLearn10View.swift in Sources */,
				D900AD052CE1F6B000DC1959 /* DynamicsReview2View.swift in Sources */,
				D900AD062CE1F6B000DC1959 /* DynamicsReview3View.swift in Sources */,
				D900AD072CE1F6B000DC1959 /* DynamicsReview4View.swift in Sources */,
>>>>>>> Stashed changes
				D900AD082CE1F6B000DC1959 /* DynamicsView.swift in Sources */,
				D900ACE22CE1F6AD00DC1959 /* ClefsPitchedNotesView.swift in Sources */,
				D900ACB72CE1F6AB00DC1959 /* TimeSignaturesLearnView.swift in Sources */,
				D900ACB82CE1F6AB00DC1959 /* TimeSignaturesReviewView.swift in Sources */,
				D900ACB92CE1F6AB00DC1959 /* TimeSignaturesView.swift in Sources */,
				D9E035FB2CDF12AC00220F1F /* scoresight1App.swift in Sources */,
				31B8246F2CDF2DD50031E923 /* StartView.swift in Sources */,
			);
			runOnlyForDeploymentPostprocessing = 0;
		};
/* End PBXSourcesBuildPhase section */

/* Begin XCBuildConfiguration section */
		D9E036032CDF12AD00220F1F /* Debug */ = {
			isa = XCBuildConfiguration;
			buildSettings = {
				ALWAYS_SEARCH_USER_PATHS = NO;
				ASSETCATALOG_COMPILER_GENERATE_SWIFT_ASSET_SYMBOL_EXTENSIONS = YES;
				CLANG_ANALYZER_NONNULL = YES;
				CLANG_ANALYZER_NUMBER_OBJECT_CONVERSION = YES_AGGRESSIVE;
				CLANG_CXX_LANGUAGE_STANDARD = "gnu++20";
				CLANG_ENABLE_MODULES = YES;
				CLANG_ENABLE_OBJC_ARC = YES;
				CLANG_ENABLE_OBJC_WEAK = YES;
				CLANG_WARN_BLOCK_CAPTURE_AUTORELEASING = YES;
				CLANG_WARN_BOOL_CONVERSION = YES;
				CLANG_WARN_COMMA = YES;
				CLANG_WARN_CONSTANT_CONVERSION = YES;
				CLANG_WARN_DEPRECATED_OBJC_IMPLEMENTATIONS = YES;
				CLANG_WARN_DIRECT_OBJC_ISA_USAGE = YES_ERROR;
				CLANG_WARN_DOCUMENTATION_COMMENTS = YES;
				CLANG_WARN_EMPTY_BODY = YES;
				CLANG_WARN_ENUM_CONVERSION = YES;
				CLANG_WARN_INFINITE_RECURSION = YES;
				CLANG_WARN_INT_CONVERSION = YES;
				CLANG_WARN_NON_LITERAL_NULL_CONVERSION = YES;
				CLANG_WARN_OBJC_IMPLICIT_RETAIN_SELF = YES;
				CLANG_WARN_OBJC_LITERAL_CONVERSION = YES;
				CLANG_WARN_OBJC_ROOT_CLASS = YES_ERROR;
				CLANG_WARN_QUOTED_INCLUDE_IN_FRAMEWORK_HEADER = YES;
				CLANG_WARN_RANGE_LOOP_ANALYSIS = YES;
				CLANG_WARN_STRICT_PROTOTYPES = YES;
				CLANG_WARN_SUSPICIOUS_MOVE = YES;
				CLANG_WARN_UNGUARDED_AVAILABILITY = YES_AGGRESSIVE;
				CLANG_WARN_UNREACHABLE_CODE = YES;
				CLANG_WARN__DUPLICATE_METHOD_MATCH = YES;
				COPY_PHASE_STRIP = NO;
				DEBUG_INFORMATION_FORMAT = dwarf;
				ENABLE_STRICT_OBJC_MSGSEND = YES;
				ENABLE_TESTABILITY = YES;
				ENABLE_USER_SCRIPT_SANDBOXING = YES;
				GCC_C_LANGUAGE_STANDARD = gnu17;
				GCC_DYNAMIC_NO_PIC = NO;
				GCC_NO_COMMON_BLOCKS = YES;
				GCC_OPTIMIZATION_LEVEL = 0;
				GCC_PREPROCESSOR_DEFINITIONS = (
					"DEBUG=1",
					"$(inherited)",
				);
				GCC_WARN_64_TO_32_BIT_CONVERSION = YES;
				GCC_WARN_ABOUT_RETURN_TYPE = YES_ERROR;
				GCC_WARN_UNDECLARED_SELECTOR = YES;
				GCC_WARN_UNINITIALIZED_AUTOS = YES_AGGRESSIVE;
				GCC_WARN_UNUSED_FUNCTION = YES;
				GCC_WARN_UNUSED_VARIABLE = YES;
				IPHONEOS_DEPLOYMENT_TARGET = 17.5;
				LOCALIZATION_PREFERS_STRING_CATALOGS = YES;
				MTL_ENABLE_DEBUG_INFO = INCLUDE_SOURCE;
				MTL_FAST_MATH = YES;
				ONLY_ACTIVE_ARCH = YES;
				SDKROOT = iphoneos;
				SWIFT_ACTIVE_COMPILATION_CONDITIONS = "DEBUG $(inherited)";
				SWIFT_OPTIMIZATION_LEVEL = "-Onone";
			};
			name = Debug;
		};
		D9E036042CDF12AD00220F1F /* Release */ = {
			isa = XCBuildConfiguration;
			buildSettings = {
				ALWAYS_SEARCH_USER_PATHS = NO;
				ASSETCATALOG_COMPILER_GENERATE_SWIFT_ASSET_SYMBOL_EXTENSIONS = YES;
				CLANG_ANALYZER_NONNULL = YES;
				CLANG_ANALYZER_NUMBER_OBJECT_CONVERSION = YES_AGGRESSIVE;
				CLANG_CXX_LANGUAGE_STANDARD = "gnu++20";
				CLANG_ENABLE_MODULES = YES;
				CLANG_ENABLE_OBJC_ARC = YES;
				CLANG_ENABLE_OBJC_WEAK = YES;
				CLANG_WARN_BLOCK_CAPTURE_AUTORELEASING = YES;
				CLANG_WARN_BOOL_CONVERSION = YES;
				CLANG_WARN_COMMA = YES;
				CLANG_WARN_CONSTANT_CONVERSION = YES;
				CLANG_WARN_DEPRECATED_OBJC_IMPLEMENTATIONS = YES;
				CLANG_WARN_DIRECT_OBJC_ISA_USAGE = YES_ERROR;
				CLANG_WARN_DOCUMENTATION_COMMENTS = YES;
				CLANG_WARN_EMPTY_BODY = YES;
				CLANG_WARN_ENUM_CONVERSION = YES;
				CLANG_WARN_INFINITE_RECURSION = YES;
				CLANG_WARN_INT_CONVERSION = YES;
				CLANG_WARN_NON_LITERAL_NULL_CONVERSION = YES;
				CLANG_WARN_OBJC_IMPLICIT_RETAIN_SELF = YES;
				CLANG_WARN_OBJC_LITERAL_CONVERSION = YES;
				CLANG_WARN_OBJC_ROOT_CLASS = YES_ERROR;
				CLANG_WARN_QUOTED_INCLUDE_IN_FRAMEWORK_HEADER = YES;
				CLANG_WARN_RANGE_LOOP_ANALYSIS = YES;
				CLANG_WARN_STRICT_PROTOTYPES = YES;
				CLANG_WARN_SUSPICIOUS_MOVE = YES;
				CLANG_WARN_UNGUARDED_AVAILABILITY = YES_AGGRESSIVE;
				CLANG_WARN_UNREACHABLE_CODE = YES;
				CLANG_WARN__DUPLICATE_METHOD_MATCH = YES;
				COPY_PHASE_STRIP = NO;
				DEBUG_INFORMATION_FORMAT = "dwarf-with-dsym";
				ENABLE_NS_ASSERTIONS = NO;
				ENABLE_STRICT_OBJC_MSGSEND = YES;
				ENABLE_USER_SCRIPT_SANDBOXING = YES;
				GCC_C_LANGUAGE_STANDARD = gnu17;
				GCC_NO_COMMON_BLOCKS = YES;
				GCC_WARN_64_TO_32_BIT_CONVERSION = YES;
				GCC_WARN_ABOUT_RETURN_TYPE = YES_ERROR;
				GCC_WARN_UNDECLARED_SELECTOR = YES;
				GCC_WARN_UNINITIALIZED_AUTOS = YES_AGGRESSIVE;
				GCC_WARN_UNUSED_FUNCTION = YES;
				GCC_WARN_UNUSED_VARIABLE = YES;
				IPHONEOS_DEPLOYMENT_TARGET = 17.5;
				LOCALIZATION_PREFERS_STRING_CATALOGS = YES;
				MTL_ENABLE_DEBUG_INFO = NO;
				MTL_FAST_MATH = YES;
				SDKROOT = iphoneos;
				SWIFT_COMPILATION_MODE = wholemodule;
				VALIDATE_PRODUCT = YES;
			};
			name = Release;
		};
		D9E036062CDF12AD00220F1F /* Debug */ = {
			isa = XCBuildConfiguration;
			buildSettings = {
				ASSETCATALOG_COMPILER_APPICON_NAME = AppIcon;
				ASSETCATALOG_COMPILER_GLOBAL_ACCENT_COLOR_NAME = AccentColor;
				CODE_SIGN_STYLE = Automatic;
				CURRENT_PROJECT_VERSION = 1;
				DEVELOPMENT_ASSET_PATHS = "\"scoresight1/Preview Content\"";
				ENABLE_PREVIEWS = YES;
				GENERATE_INFOPLIST_FILE = YES;
				INFOPLIST_KEY_UIApplicationSceneManifest_Generation = YES;
				INFOPLIST_KEY_UIApplicationSupportsIndirectInputEvents = YES;
				INFOPLIST_KEY_UILaunchScreen_Generation = YES;
				INFOPLIST_KEY_UISupportedInterfaceOrientations_iPad = "UIInterfaceOrientationPortrait UIInterfaceOrientationPortraitUpsideDown UIInterfaceOrientationLandscapeLeft UIInterfaceOrientationLandscapeRight";
				INFOPLIST_KEY_UISupportedInterfaceOrientations_iPhone = "UIInterfaceOrientationPortrait UIInterfaceOrientationLandscapeLeft UIInterfaceOrientationLandscapeRight";
				LD_RUNPATH_SEARCH_PATHS = (
					"$(inherited)",
					"@executable_path/Frameworks",
				);
				MARKETING_VERSION = 1.0;
				PRODUCT_BUNDLE_IDENTIFIER = christine.scoresight1;
				PRODUCT_NAME = "$(TARGET_NAME)";
				SWIFT_EMIT_LOC_STRINGS = YES;
				SWIFT_VERSION = 5.0;
				TARGETED_DEVICE_FAMILY = "1,2";
			};
			name = Debug;
		};
		D9E036072CDF12AD00220F1F /* Release */ = {
			isa = XCBuildConfiguration;
			buildSettings = {
				ASSETCATALOG_COMPILER_APPICON_NAME = AppIcon;
				ASSETCATALOG_COMPILER_GLOBAL_ACCENT_COLOR_NAME = AccentColor;
				CODE_SIGN_STYLE = Automatic;
				CURRENT_PROJECT_VERSION = 1;
				DEVELOPMENT_ASSET_PATHS = "\"scoresight1/Preview Content\"";
				ENABLE_PREVIEWS = YES;
				GENERATE_INFOPLIST_FILE = YES;
				INFOPLIST_KEY_UIApplicationSceneManifest_Generation = YES;
				INFOPLIST_KEY_UIApplicationSupportsIndirectInputEvents = YES;
				INFOPLIST_KEY_UILaunchScreen_Generation = YES;
				INFOPLIST_KEY_UISupportedInterfaceOrientations_iPad = "UIInterfaceOrientationPortrait UIInterfaceOrientationPortraitUpsideDown UIInterfaceOrientationLandscapeLeft UIInterfaceOrientationLandscapeRight";
				INFOPLIST_KEY_UISupportedInterfaceOrientations_iPhone = "UIInterfaceOrientationPortrait UIInterfaceOrientationLandscapeLeft UIInterfaceOrientationLandscapeRight";
				LD_RUNPATH_SEARCH_PATHS = (
					"$(inherited)",
					"@executable_path/Frameworks",
				);
				MARKETING_VERSION = 1.0;
				PRODUCT_BUNDLE_IDENTIFIER = christine.scoresight1;
				PRODUCT_NAME = "$(TARGET_NAME)";
				SWIFT_EMIT_LOC_STRINGS = YES;
				SWIFT_VERSION = 5.0;
				TARGETED_DEVICE_FAMILY = "1,2";
			};
			name = Release;
		};
/* End XCBuildConfiguration section */

/* Begin XCConfigurationList section */
		D9E035F22CDF12AC00220F1F /* Build configuration list for PBXProject "scoresight1" */ = {
			isa = XCConfigurationList;
			buildConfigurations = (
				D9E036032CDF12AD00220F1F /* Debug */,
				D9E036042CDF12AD00220F1F /* Release */,
			);
			defaultConfigurationIsVisible = 0;
			defaultConfigurationName = Release;
		};
		D9E036052CDF12AD00220F1F /* Build configuration list for PBXNativeTarget "scoresight1" */ = {
			isa = XCConfigurationList;
			buildConfigurations = (
				D9E036062CDF12AD00220F1F /* Debug */,
				D9E036072CDF12AD00220F1F /* Release */,
			);
			defaultConfigurationIsVisible = 0;
			defaultConfigurationName = Release;
		};
/* End XCConfigurationList section */
	};
	rootObject = D9E035EF2CDF12AC00220F1F /* Project object */;
}
